// !$*UTF8*$!
{
	archiveVersion = 1;
	classes = {
	};
	objectVersion = 46;
	objects = {

/* Begin PBXBuildFile section */
		E798A3661F188BF40050E578 /* AppDelegate.swift in Sources */ = {isa = PBXBuildFile; fileRef = E798A3651F188BF40050E578 /* AppDelegate.swift */; };
		E798A36D1F188BF50050E578 /* Assets.xcassets in Resources */ = {isa = PBXBuildFile; fileRef = E798A36C1F188BF50050E578 /* Assets.xcassets */; };
		E798A3781F188CD30050E578 /* MCBaseViewController.swift in Sources */ = {isa = PBXBuildFile; fileRef = E798A3771F188CD30050E578 /* MCBaseViewController.swift */; };
		E798A37C1F188DB30050E578 /* UIColor+extension.swift in Sources */ = {isa = PBXBuildFile; fileRef = E798A37B1F188DB30050E578 /* UIColor+extension.swift */; };
		E798A37E1F188F6C0050E578 /* MCMainViewController.swift in Sources */ = {isa = PBXBuildFile; fileRef = E798A37D1F188F6C0050E578 /* MCMainViewController.swift */; };
		E798A3801F188FA00050E578 /* MCNavigationController.swift in Sources */ = {isa = PBXBuildFile; fileRef = E798A37F1F188FA00050E578 /* MCNavigationController.swift */; };
/* End PBXBuildFile section */

/* Begin PBXFileReference section */
		E798A3621F188BF40050E578 /* TabBarCenterButton.app */ = {isa = PBXFileReference; explicitFileType = wrapper.application; includeInIndex = 0; path = TabBarCenterButton.app; sourceTree = BUILT_PRODUCTS_DIR; };
		E798A3651F188BF40050E578 /* AppDelegate.swift */ = {isa = PBXFileReference; lastKnownFileType = sourcecode.swift; path = AppDelegate.swift; sourceTree = "<group>"; };
		E798A36C1F188BF50050E578 /* Assets.xcassets */ = {isa = PBXFileReference; lastKnownFileType = folder.assetcatalog; path = Assets.xcassets; sourceTree = "<group>"; };
		E798A3711F188BF50050E578 /* Info.plist */ = {isa = PBXFileReference; lastKnownFileType = text.plist.xml; path = Info.plist; sourceTree = "<group>"; };
		E798A3771F188CD30050E578 /* MCBaseViewController.swift */ = {isa = PBXFileReference; fileEncoding = 4; lastKnownFileType = sourcecode.swift; path = MCBaseViewController.swift; sourceTree = "<group>"; };
		E798A37B1F188DB30050E578 /* UIColor+extension.swift */ = {isa = PBXFileReference; fileEncoding = 4; lastKnownFileType = sourcecode.swift; path = "UIColor+extension.swift"; sourceTree = "<group>"; };
		E798A37D1F188F6C0050E578 /* MCMainViewController.swift */ = {isa = PBXFileReference; fileEncoding = 4; lastKnownFileType = sourcecode.swift; path = MCMainViewController.swift; sourceTree = "<group>"; };
		E798A37F1F188FA00050E578 /* MCNavigationController.swift */ = {isa = PBXFileReference; fileEncoding = 4; lastKnownFileType = sourcecode.swift; path = MCNavigationController.swift; sourceTree = "<group>"; };
/* End PBXFileReference section */

/* Begin PBXFrameworksBuildPhase section */
		E798A35F1F188BF40050E578 /* Frameworks */ = {
			isa = PBXFrameworksBuildPhase;
			buildActionMask = 2147483647;
			files = (
			);
			runOnlyForDeploymentPostprocessing = 0;
		};
/* End PBXFrameworksBuildPhase section */

/* Begin PBXGroup section */
		E798A3591F188BF40050E578 = {
			isa = PBXGroup;
			children = (
				E798A3641F188BF40050E578 /* TabBarCenterButton */,
				E798A3631F188BF40050E578 /* Products */,
			);
			sourceTree = "<group>";
		};
		E798A3631F188BF40050E578 /* Products */ = {
			isa = PBXGroup;
			children = (
				E798A3621F188BF40050E578 /* TabBarCenterButton.app */,
			);
			name = Products;
			sourceTree = "<group>";
		};
		E798A3641F188BF40050E578 /* TabBarCenterButton */ = {
			isa = PBXGroup;
			children = (
				E798A3771F188CD30050E578 /* MCBaseViewController.swift */,
				E798A37D1F188F6C0050E578 /* MCMainViewController.swift */,
				E798A37F1F188FA00050E578 /* MCNavigationController.swift */,
				E798A3651F188BF40050E578 /* AppDelegate.swift */,
				E798A37B1F188DB30050E578 /* UIColor+extension.swift */,
				E798A36C1F188BF50050E578 /* Assets.xcassets */,
				E798A3711F188BF50050E578 /* Info.plist */,
			);
			path = TabBarCenterButton;
			sourceTree = "<group>";
		};
/* End PBXGroup section */

/* Begin PBXNativeTarget section */
		E798A3611F188BF40050E578 /* TabBarCenterButton */ = {
			isa = PBXNativeTarget;
			buildConfigurationList = E798A3741F188BF50050E578 /* Build configuration list for PBXNativeTarget "TabBarCenterButton" */;
			buildPhases = (
				E798A35E1F188BF40050E578 /* Sources */,
				E798A35F1F188BF40050E578 /* Frameworks */,
				E798A3601F188BF40050E578 /* Resources */,
			);
			buildRules = (
			);
			dependencies = (
			);
			name = TabBarCenterButton;
			productName = TabBarCenterButton;
			productReference = E798A3621F188BF40050E578 /* TabBarCenterButton.app */;
			productType = "com.apple.product-type.application";
		};
/* End PBXNativeTarget section */

/* Begin PBXProject section */
		E798A35A1F188BF40050E578 /* Project object */ = {
			isa = PBXProject;
			attributes = {
				CLASSPREFIX = MC;
				LastSwiftUpdateCheck = 0830;
				LastUpgradeCheck = 0830;
				ORGANIZATIONNAME = Minecode;
				TargetAttributes = {
					E798A3611F188BF40050E578 = {
						CreatedOnToolsVersion = 8.3.3;
						ProvisioningStyle = Automatic;
					};
				};
			};
			buildConfigurationList = E798A35D1F188BF40050E578 /* Build configuration list for PBXProject "TabBarCenterButton" */;
			compatibilityVersion = "Xcode 3.2";
			developmentRegion = English;
			hasScannedForEncodings = 0;
			knownRegions = (
				en,
				Base,
			);
			mainGroup = E798A3591F188BF40050E578;
			productRefGroup = E798A3631F188BF40050E578 /* Products */;
			projectDirPath = "";
			projectRoot = "";
			targets = (
				E798A3611F188BF40050E578 /* TabBarCenterButton */,
			);
		};
/* End PBXProject section */

/* Begin PBXResourcesBuildPhase section */
		E798A3601F188BF40050E578 /* Resources */ = {
			isa = PBXResourcesBuildPhase;
			buildActionMask = 2147483647;
			files = (
				E798A36D1F188BF50050E578 /* Assets.xcassets in Resources */,
			);
			runOnlyForDeploymentPostprocessing = 0;
		};
/* End PBXResourcesBuildPhase section */

/* Begin PBXSourcesBuildPhase section */
		E798A35E1F188BF40050E578 /* Sources */ = {
			isa = PBXSourcesBuildPhase;
			buildActionMask = 2147483647;
			files = (
				E798A37C1F188DB30050E578 /* UIColor+extension.swift in Sources */,
				E798A37E1F188F6C0050E578 /* MCMainViewController.swift in Sources */,
				E798A3801F188FA00050E578 /* MCNavigationController.swift in Sources */,
				E798A3661F188BF40050E578 /* AppDelegate.swift in Sources */,
				E798A3781F188CD30050E578 /* MCBaseViewController.swift in Sources */,
			);
			runOnlyForDeploymentPostprocessing = 0;
		};
/* End PBXSourcesBuildPhase section */

/* Begin XCBuildConfiguration section */
		E798A3721F188BF50050E578 /* Debug */ = {
			isa = XCBuildConfiguration;
			buildSettings = {
				ALWAYS_SEARCH_USER_PATHS = NO;
				CLANG_ANALYZER_NONNULL = YES;
				CLANG_ANALYZER_NUMBER_OBJECT_CONVERSION = YES_AGGRESSIVE;
				CLANG_CXX_LANGUAGE_STANDARD = "gnu++0x";
				CLANG_CXX_LIBRARY = "libc++";
				CLANG_ENABLE_MODULES = YES;
				CLANG_ENABLE_OBJC_ARC = YES;
				CLANG_WARN_BOOL_CONVERSION = YES;
				CLANG_WARN_CONSTANT_CONVERSION = YES;
				CLANG_WARN_DIRECT_OBJC_ISA_USAGE = YES_ERROR;
				CLANG_WARN_DOCUMENTATION_COMMENTS = YES;
				CLANG_WARN_EMPTY_BODY = YES;
				CLANG_WARN_ENUM_CONVERSION = YES;
				CLANG_WARN_INFINITE_RECURSION = YES;
				CLANG_WARN_INT_CONVERSION = YES;
				CLANG_WARN_OBJC_ROOT_CLASS = YES_ERROR;
				CLANG_WARN_SUSPICIOUS_MOVE = YES;
				CLANG_WARN_UNREACHABLE_CODE = YES;
				CLANG_WARN__DUPLICATE_METHOD_MATCH = YES;
				"CODE_SIGN_IDENTITY[sdk=iphoneos*]" = "iPhone Developer";
				COPY_PHASE_STRIP = NO;
				DEBUG_INFORMATION_FORMAT = dwarf;
				ENABLE_STRICT_OBJC_MSGSEND = YES;
				ENABLE_TESTABILITY = YES;
				GCC_C_LANGUAGE_STANDARD = gnu99;
				GCC_DYNAMIC_NO_PIC = NO;
				GCC_NO_COMMON_BLOCKS = YES;
				GCC_OPTIMIZATION_LEVEL = 0;
				GCC_PREPROCESSOR_DEFINITIONS = (
					"DEBUG=1",
					"$(inherited)",
				);
				GCC_WARN_64_TO_32_BIT_CONVERSION = YES;
				GCC_WARN_ABOUT_RETURN_TYPE = YES_ERROR;
				GCC_WARN_UNDECLARED_SELECTOR = YES;
				GCC_WARN_UNINITIALIZED_AUTOS = YES_AGGRESSIVE;
				GCC_WARN_UNUSED_FUNCTION = YES;
				GCC_WARN_UNUSED_VARIABLE = YES;
				IPHONEOS_DEPLOYMENT_TARGET = 10.3;
				MTL_ENABLE_DEBUG_INFO = YES;
				ONLY_ACTIVE_ARCH = YES;
				SDKROOT = iphoneos;
				SWIFT_ACTIVE_COMPILATION_CONDITIONS = DEBUG;
				SWIFT_OPTIMIZATION_LEVEL = "-Onone";
			};
			name = Debug;
		};
		E798A3731F188BF50050E578 /* Release */ = {
			isa = XCBuildConfiguration;
			buildSettings = {
				ALWAYS_SEARCH_USER_PATHS = NO;
				CLANG_ANALYZER_NONNULL = YES;
				CLANG_ANALYZER_NUMBER_OBJECT_CONVERSION = YES_AGGRESSIVE;
				CLANG_CXX_LANGUAGE_STANDARD = "gnu++0x";
				CLANG_CXX_LIBRARY = "libc++";
				CLANG_ENABLE_MODULES = YES;
				CLANG_ENABLE_OBJC_ARC = YES;
				CLANG_WARN_BOOL_CONVERSION = YES;
				CLANG_WARN_CONSTANT_CONVERSION = YES;
				CLANG_WARN_DIRECT_OBJC_ISA_USAGE = YES_ERROR;
				CLANG_WARN_DOCUMENTATION_COMMENTS = YES;
				CLANG_WARN_EMPTY_BODY = YES;
				CLANG_WARN_ENUM_CONVERSION = YES;
				CLANG_WARN_INFINITE_RECURSION = YES;
				CLANG_WARN_INT_CONVERSION = YES;
				CLANG_WARN_OBJC_ROOT_CLASS = YES_ERROR;
				CLANG_WARN_SUSPICIOUS_MOVE = YES;
				CLANG_WARN_UNREACHABLE_CODE = YES;
				CLANG_WARN__DUPLICATE_METHOD_MATCH = YES;
				"CODE_SIGN_IDENTITY[sdk=iphoneos*]" = "iPhone Developer";
				COPY_PHASE_STRIP = NO;
				DEBUG_INFORMATION_FORMAT = "dwarf-with-dsym";
				ENABLE_NS_ASSERTIONS = NO;
				ENABLE_STRICT_OBJC_MSGSEND = YES;
				GCC_C_LANGUAGE_STANDARD = gnu99;
				GCC_NO_COMMON_BLOCKS = YES;
				GCC_WARN_64_TO_32_BIT_CONVERSION = YES;
				GCC_WARN_ABOUT_RETURN_TYPE = YES_ERROR;
				GCC_WARN_UNDECLARED_SELECTOR = YES;
				GCC_WARN_UNINITIALIZED_AUTOS = YES_AGGRESSIVE;
				GCC_WARN_UNUSED_FUNCTION = YES;
				GCC_WARN_UNUSED_VARIABLE = YES;
				IPHONEOS_DEPLOYMENT_TARGET = 10.3;
				MTL_ENABLE_DEBUG_INFO = NO;
				SDKROOT = iphoneos;
				SWIFT_OPTIMIZATION_LEVEL = "-Owholemodule";
				VALIDATE_PRODUCT = YES;
			};
			name = Release;
		};
		E798A3751F188BF50050E578 /* Debug */ = {
			isa = XCBuildConfiguration;
			buildSettings = {
				ASSETCATALOG_COMPILER_APPICON_NAME = AppIcon;
				ASSETCATALOG_COMPILER_LAUNCHIMAGE_NAME = LaunchImage;
				INFOPLIST_FILE = TabBarCenterButton/Info.plist;
				IPHONEOS_DEPLOYMENT_TARGET = 8.0;
				LD_RUNPATH_SEARCH_PATHS = "$(inherited) @executable_path/Frameworks";
				PRODUCT_BUNDLE_IDENTIFIER = org.minecode.TabBarCenterButton;
				PRODUCT_NAME = "$(TARGET_NAME)";
				SWIFT_VERSION = 3.0;
			};
			name = Debug;
		};
		E798A3761F188BF50050E578 /* Release */ = {
			isa = XCBuildConfiguration;
			buildSettings = {
				ASSETCATALOG_COMPILER_APPICON_NAME = AppIcon;
				ASSETCATALOG_COMPILER_LAUNCHIMAGE_NAME = LaunchImage;
				INFOPLIST_FILE = TabBarCenterButton/Info.plist;
				IPHONEOS_DEPLOYMENT_TARGET = 8.0;
				LD_RUNPATH_SEARCH_PATHS = "$(inherited) @executable_path/Frameworks";
				PRODUCT_BUNDLE_IDENTIFIER = org.minecode.TabBarCenterButton;
				PRODUCT_NAME = "$(TARGET_NAME)";
				SWIFT_VERSION = 3.0;
			};
			name = Release;
		};
/* End XCBuildConfiguration section */

/* Begin XCConfigurationList section */
		E798A35D1F188BF40050E578 /* Build configuration list for PBXProject "TabBarCenterButton" */ = {
			isa = XCConfigurationList;
			buildConfigurations = (
				E798A3721F188BF50050E578 /* Debug */,
				E798A3731F188BF50050E578 /* Release */,
			);
			defaultConfigurationIsVisible = 0;
			defaultConfigurationName = Release;
		};
		E798A3741F188BF50050E578 /* Build configuration list for PBXNativeTarget "TabBarCenterButton" */ = {
			isa = XCConfigurationList;
			buildConfigurations = (
				E798A3751F188BF50050E578 /* Debug */,
				E798A3761F188BF50050E578 /* Release */,
			);
			defaultConfigurationIsVisible = 0;
			defaultConfigurationName = Release;
		};
/* End XCConfigurationList section */
	};
	rootObject = E798A35A1F188BF40050E578 /* Project object */;
}
