// !$*UTF8*$!
{
	archiveVersion = 1;
	classes = {
	};
	objectVersion = 46;
	objects = {

/* Begin PBXBuildFile section */
		E72B1E9F1F23ABD100F0A9D2 /* AppDelegate.swift in Sources */ = {isa = PBXBuildFile; fileRef = E72B1E9E1F23ABD100F0A9D2 /* AppDelegate.swift */; };
		E72B1EA41F23ABD100F0A9D2 /* Main.storyboard in Resources */ = {isa = PBXBuildFile; fileRef = E72B1EA21F23ABD100F0A9D2 /* Main.storyboard */; };
		E72B1EA61F23ABD100F0A9D2 /* Assets.xcassets in Resources */ = {isa = PBXBuildFile; fileRef = E72B1EA51F23ABD100F0A9D2 /* Assets.xcassets */; };
		E72B1EA91F23ABD100F0A9D2 /* LaunchScreen.storyboard in Resources */ = {isa = PBXBuildFile; fileRef = E72B1EA71F23ABD100F0A9D2 /* LaunchScreen.storyboard */; };
		E72B1EB11F25851E00F0A9D2 /* MCMainViewController.swift in Sources */ = {isa = PBXBuildFile; fileRef = E72B1EB01F25851E00F0A9D2 /* MCMainViewController.swift */; };
		E72B1EB41F25855500F0A9D2 /* MCViewController.swift in Sources */ = {isa = PBXBuildFile; fileRef = E72B1EB31F25855500F0A9D2 /* MCViewController.swift */; };
		E72B1EB61F25856B00F0A9D2 /* MCCollectionViewController.swift in Sources */ = {isa = PBXBuildFile; fileRef = E72B1EB51F25856B00F0A9D2 /* MCCollectionViewController.swift */; };
		E72B1EB81F25DD0500F0A9D2 /* MCTextCollectionViewCell.swift in Sources */ = {isa = PBXBuildFile; fileRef = E72B1EB71F25DD0500F0A9D2 /* MCTextCollectionViewCell.swift */; };
/* End PBXBuildFile section */

/* Begin PBXFileReference section */
		E72B1E9B1F23ABD100F0A9D2 /* MovableCollectionView.app */ = {isa = PBXFileReference; explicitFileType = wrapper.application; includeInIndex = 0; path = MovableCollectionView.app; sourceTree = BUILT_PRODUCTS_DIR; };
		E72B1E9E1F23ABD100F0A9D2 /* AppDelegate.swift */ = {isa = PBXFileReference; lastKnownFileType = sourcecode.swift; path = AppDelegate.swift; sourceTree = "<group>"; };
		E72B1EA31F23ABD100F0A9D2 /* Base */ = {isa = PBXFileReference; lastKnownFileType = file.storyboard; name = Base; path = Base.lproj/Main.storyboard; sourceTree = "<group>"; };
		E72B1EA51F23ABD100F0A9D2 /* Assets.xcassets */ = {isa = PBXFileReference; lastKnownFileType = folder.assetcatalog; path = Assets.xcassets; sourceTree = "<group>"; };
		E72B1EA81F23ABD100F0A9D2 /* Base */ = {isa = PBXFileReference; lastKnownFileType = file.storyboard; name = Base; path = Base.lproj/LaunchScreen.storyboard; sourceTree = "<group>"; };
		E72B1EAA1F23ABD100F0A9D2 /* Info.plist */ = {isa = PBXFileReference; lastKnownFileType = text.plist.xml; path = Info.plist; sourceTree = "<group>"; };
		E72B1EB01F25851E00F0A9D2 /* MCMainViewController.swift */ = {isa = PBXFileReference; fileEncoding = 4; lastKnownFileType = sourcecode.swift; path = MCMainViewController.swift; sourceTree = "<group>"; };
		E72B1EB31F25855500F0A9D2 /* MCViewController.swift */ = {isa = PBXFileReference; fileEncoding = 4; lastKnownFileType = sourcecode.swift; path = MCViewController.swift; sourceTree = "<group>"; };
		E72B1EB51F25856B00F0A9D2 /* MCCollectionViewController.swift */ = {isa = PBXFileReference; fileEncoding = 4; lastKnownFileType = sourcecode.swift; path = MCCollectionViewController.swift; sourceTree = "<group>"; };
		E72B1EB71F25DD0500F0A9D2 /* MCTextCollectionViewCell.swift */ = {isa = PBXFileReference; fileEncoding = 4; lastKnownFileType = sourcecode.swift; path = MCTextCollectionViewCell.swift; sourceTree = "<group>"; };
/* End PBXFileReference section */

/* Begin PBXFrameworksBuildPhase section */
		E72B1E981F23ABD100F0A9D2 /* Frameworks */ = {
			isa = PBXFrameworksBuildPhase;
			buildActionMask = 2147483647;
			files = (
			);
			runOnlyForDeploymentPostprocessing = 0;
		};
/* End PBXFrameworksBuildPhase section */

/* Begin PBXGroup section */
		E72B1E921F23ABD100F0A9D2 = {
			isa = PBXGroup;
			children = (
				E72B1E9D1F23ABD100F0A9D2 /* MovableCollectionView */,
				E72B1E9C1F23ABD100F0A9D2 /* Products */,
			);
			sourceTree = "<group>";
		};
		E72B1E9C1F23ABD100F0A9D2 /* Products */ = {
			isa = PBXGroup;
			children = (
				E72B1E9B1F23ABD100F0A9D2 /* MovableCollectionView.app */,
			);
			name = Products;
			sourceTree = "<group>";
		};
		E72B1E9D1F23ABD100F0A9D2 /* MovableCollectionView */ = {
			isa = PBXGroup;
			children = (
				E72B1EB21F25852D00F0A9D2 /* ChildViewController */,
				E72B1EB01F25851E00F0A9D2 /* MCMainViewController.swift */,
				E72B1EB71F25DD0500F0A9D2 /* MCTextCollectionViewCell.swift */,
				E72B1E9E1F23ABD100F0A9D2 /* AppDelegate.swift */,
				E72B1EA21F23ABD100F0A9D2 /* Main.storyboard */,
				E72B1EA51F23ABD100F0A9D2 /* Assets.xcassets */,
				E72B1EA71F23ABD100F0A9D2 /* LaunchScreen.storyboard */,
				E72B1EAA1F23ABD100F0A9D2 /* Info.plist */,
			);
			path = MovableCollectionView;
			sourceTree = "<group>";
		};
		E72B1EB21F25852D00F0A9D2 /* ChildViewController */ = {
			isa = PBXGroup;
			children = (
				E72B1EB31F25855500F0A9D2 /* MCViewController.swift */,
				E72B1EB51F25856B00F0A9D2 /* MCCollectionViewController.swift */,
			);
			name = ChildViewController;
			sourceTree = "<group>";
		};
/* End PBXGroup section */

/* Begin PBXNativeTarget section */
		E72B1E9A1F23ABD100F0A9D2 /* MovableCollectionView */ = {
			isa = PBXNativeTarget;
			buildConfigurationList = E72B1EAD1F23ABD100F0A9D2 /* Build configuration list for PBXNativeTarget "MovableCollectionView" */;
			buildPhases = (
				E72B1E971F23ABD100F0A9D2 /* Sources */,
				E72B1E981F23ABD100F0A9D2 /* Frameworks */,
				E72B1E991F23ABD100F0A9D2 /* Resources */,
			);
			buildRules = (
			);
			dependencies = (
			);
			name = MovableCollectionView;
			productName = MovableCollectionView;
			productReference = E72B1E9B1F23ABD100F0A9D2 /* MovableCollectionView.app */;
			productType = "com.apple.product-type.application";
		};
/* End PBXNativeTarget section */

/* Begin PBXProject section */
		E72B1E931F23ABD100F0A9D2 /* Project object */ = {
			isa = PBXProject;
			attributes = {
				CLASSPREFIX = MC;
				LastSwiftUpdateCheck = 0830;
				LastUpgradeCheck = 0830;
				ORGANIZATIONNAME = Minecode;
				TargetAttributes = {
					E72B1E9A1F23ABD100F0A9D2 = {
						CreatedOnToolsVersion = 8.3.3;
						ProvisioningStyle = Automatic;
					};
				};
			};
			buildConfigurationList = E72B1E961F23ABD100F0A9D2 /* Build configuration list for PBXProject "MovableCollectionView" */;
			compatibilityVersion = "Xcode 3.2";
			developmentRegion = English;
			hasScannedForEncodings = 0;
			knownRegions = (
				en,
				Base,
			);
			mainGroup = E72B1E921F23ABD100F0A9D2;
			productRefGroup = E72B1E9C1F23ABD100F0A9D2 /* Products */;
			projectDirPath = "";
			projectRoot = "";
			targets = (
				E72B1E9A1F23ABD100F0A9D2 /* MovableCollectionView */,
			);
		};
/* End PBXProject section */

/* Begin PBXResourcesBuildPhase section */
		E72B1E991F23ABD100F0A9D2 /* Resources */ = {
			isa = PBXResourcesBuildPhase;
			buildActionMask = 2147483647;
			files = (
				E72B1EA91F23ABD100F0A9D2 /* LaunchScreen.storyboard in Resources */,
				E72B1EA61F23ABD100F0A9D2 /* Assets.xcassets in Resources */,
				E72B1EA41F23ABD100F0A9D2 /* Main.storyboard in Resources */,
			);
			runOnlyForDeploymentPostprocessing = 0;
		};
/* End PBXResourcesBuildPhase section */

/* Begin PBXSourcesBuildPhase section */
		E72B1E971F23ABD100F0A9D2 /* Sources */ = {
			isa = PBXSourcesBuildPhase;
			buildActionMask = 2147483647;
			files = (
				E72B1EB61F25856B00F0A9D2 /* MCCollectionViewController.swift in Sources */,
				E72B1EB41F25855500F0A9D2 /* MCViewController.swift in Sources */,
				E72B1EB81F25DD0500F0A9D2 /* MCTextCollectionViewCell.swift in Sources */,
				E72B1EB11F25851E00F0A9D2 /* MCMainViewController.swift in Sources */,
				E72B1E9F1F23ABD100F0A9D2 /* AppDelegate.swift in Sources */,
			);
			runOnlyForDeploymentPostprocessing = 0;
		};
/* End PBXSourcesBuildPhase section */

/* Begin PBXVariantGroup section */
		E72B1EA21F23ABD100F0A9D2 /* Main.storyboard */ = {
			isa = PBXVariantGroup;
			children = (
				E72B1EA31F23ABD100F0A9D2 /* Base */,
			);
			name = Main.storyboard;
			sourceTree = "<group>";
		};
		E72B1EA71F23ABD100F0A9D2 /* LaunchScreen.storyboard */ = {
			isa = PBXVariantGroup;
			children = (
				E72B1EA81F23ABD100F0A9D2 /* Base */,
			);
			name = LaunchScreen.storyboard;
			sourceTree = "<group>";
		};
/* End PBXVariantGroup section */

/* Begin XCBuildConfiguration section */
		E72B1EAB1F23ABD100F0A9D2 /* Debug */ = {
			isa = XCBuildConfiguration;
			buildSettings = {
				ALWAYS_SEARCH_USER_PATHS = NO;
				CLANG_ANALYZER_NONNULL = YES;
				CLANG_ANALYZER_NUMBER_OBJECT_CONVERSION = YES_AGGRESSIVE;
				CLANG_CXX_LANGUAGE_STANDARD = "gnu++0x";
				CLANG_CXX_LIBRARY = "libc++";
				CLANG_ENABLE_MODULES = YES;
				CLANG_ENABLE_OBJC_ARC = YES;
				CLANG_WARN_BOOL_CONVERSION = YES;
				CLANG_WARN_CONSTANT_CONVERSION = YES;
				CLANG_WARN_DIRECT_OBJC_ISA_USAGE = YES_ERROR;
				CLANG_WARN_DOCUMENTATION_COMMENTS = YES;
				CLANG_WARN_EMPTY_BODY = YES;
				CLANG_WARN_ENUM_CONVERSION = YES;
				CLANG_WARN_INFINITE_RECURSION = YES;
				CLANG_WARN_INT_CONVERSION = YES;
				CLANG_WARN_OBJC_ROOT_CLASS = YES_ERROR;
				CLANG_WARN_SUSPICIOUS_MOVE = YES;
				CLANG_WARN_UNREACHABLE_CODE = YES;
				CLANG_WARN__DUPLICATE_METHOD_MATCH = YES;
				"CODE_SIGN_IDENTITY[sdk=iphoneos*]" = "iPhone Developer";
				COPY_PHASE_STRIP = NO;
				DEBUG_INFORMATION_FORMAT = dwarf;
				ENABLE_STRICT_OBJC_MSGSEND = YES;
				ENABLE_TESTABILITY = YES;
				GCC_C_LANGUAGE_STANDARD = gnu99;
				GCC_DYNAMIC_NO_PIC = NO;
				GCC_NO_COMMON_BLOCKS = YES;
				GCC_OPTIMIZATION_LEVEL = 0;
				GCC_PREPROCESSOR_DEFINITIONS = (
					"DEBUG=1",
					"$(inherited)",
				);
				GCC_WARN_64_TO_32_BIT_CONVERSION = YES;
				GCC_WARN_ABOUT_RETURN_TYPE = YES_ERROR;
				GCC_WARN_UNDECLARED_SELECTOR = YES;
				GCC_WARN_UNINITIALIZED_AUTOS = YES_AGGRESSIVE;
				GCC_WARN_UNUSED_FUNCTION = YES;
				GCC_WARN_UNUSED_VARIABLE = YES;
				IPHONEOS_DEPLOYMENT_TARGET = 10.3;
				MTL_ENABLE_DEBUG_INFO = YES;
				ONLY_ACTIVE_ARCH = YES;
				SDKROOT = iphoneos;
				SWIFT_ACTIVE_COMPILATION_CONDITIONS = DEBUG;
				SWIFT_OPTIMIZATION_LEVEL = "-Onone";
			};
			name = Debug;
		};
		E72B1EAC1F23ABD100F0A9D2 /* Release */ = {
			isa = XCBuildConfiguration;
			buildSettings = {
				ALWAYS_SEARCH_USER_PATHS = NO;
				CLANG_ANALYZER_NONNULL = YES;
				CLANG_ANALYZER_NUMBER_OBJECT_CONVERSION = YES_AGGRESSIVE;
				CLANG_CXX_LANGUAGE_STANDARD = "gnu++0x";
				CLANG_CXX_LIBRARY = "libc++";
				CLANG_ENABLE_MODULES = YES;
				CLANG_ENABLE_OBJC_ARC = YES;
				CLANG_WARN_BOOL_CONVERSION = YES;
				CLANG_WARN_CONSTANT_CONVERSION = YES;
				CLANG_WARN_DIRECT_OBJC_ISA_USAGE = YES_ERROR;
				CLANG_WARN_DOCUMENTATION_COMMENTS = YES;
				CLANG_WARN_EMPTY_BODY = YES;
				CLANG_WARN_ENUM_CONVERSION = YES;
				CLANG_WARN_INFINITE_RECURSION = YES;
				CLANG_WARN_INT_CONVERSION = YES;
				CLANG_WARN_OBJC_ROOT_CLASS = YES_ERROR;
				CLANG_WARN_SUSPICIOUS_MOVE = YES;
				CLANG_WARN_UNREACHABLE_CODE = YES;
				CLANG_WARN__DUPLICATE_METHOD_MATCH = YES;
				"CODE_SIGN_IDENTITY[sdk=iphoneos*]" = "iPhone Developer";
				COPY_PHASE_STRIP = NO;
				DEBUG_INFORMATION_FORMAT = "dwarf-with-dsym";
				ENABLE_NS_ASSERTIONS = NO;
				ENABLE_STRICT_OBJC_MSGSEND = YES;
				GCC_C_LANGUAGE_STANDARD = gnu99;
				GCC_NO_COMMON_BLOCKS = YES;
				GCC_WARN_64_TO_32_BIT_CONVERSION = YES;
				GCC_WARN_ABOUT_RETURN_TYPE = YES_ERROR;
				GCC_WARN_UNDECLARED_SELECTOR = YES;
				GCC_WARN_UNINITIALIZED_AUTOS = YES_AGGRESSIVE;
				GCC_WARN_UNUSED_FUNCTION = YES;
				GCC_WARN_UNUSED_VARIABLE = YES;
				IPHONEOS_DEPLOYMENT_TARGET = 10.3;
				MTL_ENABLE_DEBUG_INFO = NO;
				SDKROOT = iphoneos;
				SWIFT_OPTIMIZATION_LEVEL = "-Owholemodule";
				VALIDATE_PRODUCT = YES;
			};
			name = Release;
		};
		E72B1EAE1F23ABD100F0A9D2 /* Debug */ = {
			isa = XCBuildConfiguration;
			buildSettings = {
				ASSETCATALOG_COMPILER_APPICON_NAME = AppIcon;
				INFOPLIST_FILE = MovableCollectionView/Info.plist;
				IPHONEOS_DEPLOYMENT_TARGET = 9.0;
				LD_RUNPATH_SEARCH_PATHS = "$(inherited) @executable_path/Frameworks";
				PRODUCT_BUNDLE_IDENTIFIER = org.minecode.MovableCollectionView;
				PRODUCT_NAME = "$(TARGET_NAME)";
				SWIFT_VERSION = 3.0;
			};
			name = Debug;
		};
		E72B1EAF1F23ABD100F0A9D2 /* Release */ = {
			isa = XCBuildConfiguration;
			buildSettings = {
				ASSETCATALOG_COMPILER_APPICON_NAME = AppIcon;
				INFOPLIST_FILE = MovableCollectionView/Info.plist;
				IPHONEOS_DEPLOYMENT_TARGET = 9.0;
				LD_RUNPATH_SEARCH_PATHS = "$(inherited) @executable_path/Frameworks";
				PRODUCT_BUNDLE_IDENTIFIER = org.minecode.MovableCollectionView;
				PRODUCT_NAME = "$(TARGET_NAME)";
				SWIFT_VERSION = 3.0;
			};
			name = Release;
		};
/* End XCBuildConfiguration section */

/* Begin XCConfigurationList section */
		E72B1E961F23ABD100F0A9D2 /* Build configuration list for PBXProject "MovableCollectionView" */ = {
			isa = XCConfigurationList;
			buildConfigurations = (
				E72B1EAB1F23ABD100F0A9D2 /* Debug */,
				E72B1EAC1F23ABD100F0A9D2 /* Release */,
			);
			defaultConfigurationIsVisible = 0;
			defaultConfigurationName = Release;
		};
		E72B1EAD1F23ABD100F0A9D2 /* Build configuration list for PBXNativeTarget "MovableCollectionView" */ = {
			isa = XCConfigurationList;
			buildConfigurations = (
				E72B1EAE1F23ABD100F0A9D2 /* Debug */,
				E72B1EAF1F23ABD100F0A9D2 /* Release */,
			);
			defaultConfigurationIsVisible = 0;
		};
/* End XCConfigurationList section */
	};
	rootObject = E72B1E931F23ABD100F0A9D2 /* Project object */;
}
